
Microsoft Visual Studio Solution File, Format Version 12.00
# Visual Studio Version 16
VisualStudioVersion = 16.0.31105.61
MinimumVisualStudioVersion = 10.0.40219.1
Project("{FAE04EC0-301F-11D3-BF4B-00C04F79EFBC}") = "ApiMonitor", "ApiMonitor\ApiMonitor.csproj", "{72D400F4-B35B-4984-8B93-554C4A33F78E}"
EndProject
Global
	GlobalSection(SolutionConfigurationPlatforms) = preSolution
		Debug|Any CPU = Debug|Any CPU
		Release|Any CPU = Release|Any CPU
	EndGlobalSection
	GlobalSection(ProjectConfigurationPlatforms) = postSolution
		{72D400F4-B35B-4984-8B93-554C4A33F78E}.Debug|Any CPU.ActiveCfg = Debug|Any CPU
		{72D400F4-B35B-4984-8B93-554C4A33F78E}.Debug|Any CPU.Build.0 = Debug|Any CPU
		{72D400F4-B35B-4984-8B93-554C4A33F78E}.Release|Any CPU.ActiveCfg = Release|Any CPU
		{72D400F4-B35B-4984-8B93-554C4A33F78E}.Release|Any CPU.Build.0 = Release|Any CPU
	EndGlobalSection
	GlobalSection(SolutionProperties) = preSolution
		HideSolutionNode = FALSE
	EndGlobalSection
	GlobalSection(ExtensibilityGlobals) = postSolution
		SolutionGuid = {48DDCFC8-688E-4AC1-AF2E-1230236778B4}
	EndGlobalSection
EndGlobal
